
Microsoft Visual Studio Solution File, Format Version 12.00
# Visual Studio Version 16
VisualStudioVersion = 16.0.31019.35
MinimumVisualStudioVersion = 10.0.40219.1
Project("{9092AA53-FB77-4645-B42D-1CCCA6BD08BD}") = "log-report", "log-report.njsproj", "{F3B9B7A8-0DC7-410C-A9BE-043BBDCC5A77}"
EndProject
Global
	GlobalSection(SolutionConfigurationPlatforms) = preSolution
		Debug|Any CPU = Debug|Any CPU
		Release|Any CPU = Release|Any CPU
	EndGlobalSection
	GlobalSection(ProjectConfigurationPlatforms) = postSolution
		{F3B9B7A8-0DC7-410C-A9BE-043BBDCC5A77}.Debug|Any CPU.ActiveCfg = Debug|Any CPU
		{F3B9B7A8-0DC7-410C-A9BE-043BBDCC5A77}.Debug|Any CPU.Build.0 = Debug|Any CPU
		{F3B9B7A8-0DC7-410C-A9BE-043BBDCC5A77}.Release|Any CPU.ActiveCfg = Release|Any CPU
		{F3B9B7A8-0DC7-410C-A9BE-043BBDCC5A77}.Release|Any CPU.Build.0 = Release|Any CPU
	EndGlobalSection
	GlobalSection(SolutionProperties) = preSolution
		HideSolutionNode = FALSE
	EndGlobalSection
	GlobalSection(ExtensibilityGlobals) = postSolution
		SolutionGuid = {BC3BBCE1-8905-4A9F-9E75-8378251D042A}
	EndGlobalSection
EndGlobal
